<?xml version="1.0" encoding="utf-8"?>
<Project ToolsVersion="4.0" xmlns="http://schemas.microsoft.com/developer/msbuild/2003">
  <ItemGroup>
    <Filter Include="Source Files">
      <UniqueIdentifier>{4FC737F1-C7A5-4376-A066-2A32D752A2FF}</UniqueIdentifier>
      <Extensions>cpp;c;cc;cxx;def;odl;idl;hpj;bat;asm;asmx</Extensions>
    </Filter>
    <Filter Include="Source Files\SVL">
      <UniqueIdentifier>{61427571-d675-44df-a569-9b3e30eba7bc}</UniqueIdentifier>
    </Filter>
    <Filter Include="Source Files\System">
      <UniqueIdentifier>{a3d764a4-0c1c-4bf1-abd2-b86937ecf0f3}</UniqueIdentifier>
    </Filter>
    <Filter Include="Source Files\System\xml">
      <UniqueIdentifier>{7f647d5c-e723-4335-a9ea-8b302cf25243}</UniqueIdentifier>
    </Filter>
    <Filter Include="Source Files\Game">
      <UniqueIdentifier>{2546c01c-9d8a-4dbb-9437-bd00c0898652}</UniqueIdentifier>
    </Filter>
    <Filter Include="Source Files\Game\Objects">
      <UniqueIdentifier>{719ae396-834a-4691-908a-b0f4b4de2845}</UniqueIdentifier>
    </Filter>
    <Filter Include="Source Files\Display">
      <UniqueIdentifier>{bcea673f-8d68-497a-881f-8684358d02df}</UniqueIdentifier>
    </Filter>
    <Filter Include="Source Files\Sound">
      <UniqueIdentifier>{ae2358b9-eb2f-4bee-b46a-aff3ed4044a6}</UniqueIdentifier>
    </Filter>
    <Filter Include="Header Files">
      <UniqueIdentifier>{93995380-89BD-4b04-88EB-625FBE52EBFB}</UniqueIdentifier>
      <Extensions>h;hpp;hxx;hm;inl;inc;xsd</Extensions>
    </Filter>
    <Filter Include="Header Files\System">
      <UniqueIdentifier>{634defcc-3250-477d-8ad0-523c7f04ede7}</UniqueIdentifier>
    </Filter>
    <Filter Include="Header Files\System\xml">
      <UniqueIdentifier>{68572269-f236-424f-826d-435e9c77997b}</UniqueIdentifier>
    </Filter>
    <Filter Include="Header Files\Display">
      <UniqueIdentifier>{8cfb28ce-85d8-4cd0-b6a5-25aa9ce9e57a}</UniqueIdentifier>
    </Filter>
    <Filter Include="Header Files\Game">
      <UniqueIdentifier>{70155287-07c9-4a67-88b6-39dbb9c2dca1}</UniqueIdentifier>
    </Filter>
    <Filter Include="Header Files\Game\Objects">
      <UniqueIdentifier>{ccf04ffb-fbc1-42a2-bb4a-68bba6a84bca}</UniqueIdentifier>
    </Filter>
    <Filter Include="Header Files\Sound">
      <UniqueIdentifier>{e431d45f-0746-4aa6-8cb0-7f0c31aaf420}</UniqueIdentifier>
    </Filter>
    <Filter Include="Resource Files">
      <UniqueIdentifier>{67DA6AB6-F800-4c08-8B7A-83BB121AAD01}</UniqueIdentifier>
      <Extensions>rc;ico;cur;bmp;dlg;rc2;rct;bin;rgs;gif;jpg;jpeg;jpe;resx;tiff;tif;png;wav</Extensions>
    </Filter>
    <Filter Include="Resources">
      <UniqueIdentifier>{9469cde3-f2d8-4c98-b9c9-408f4914c13e}</UniqueIdentifier>
    </Filter>
  </ItemGroup>
  <ItemGroup>
    <ClCompile Include="..\..\..\..\svl-1.5\src\Basics.cpp">
      <Filter>Source Files\SVL</Filter>
    </ClCompile>
    <ClCompile Include="..\..\..\..\svl-1.5\src\LibSVL.cpp">
      <Filter>Source Files\SVL</Filter>
    </ClCompile>
    <ClCompile Include="Keyboard.cpp">
      <Filter>Source Files\System</Filter>
    </ClCompile>
    <ClCompile Include="Log.cpp">
      <Filter>Source Files\System</Filter>
    </ClCompile>
    <ClCompile Include="program.cpp">
      <Filter>Source Files\System</Filter>
    </ClCompile>
    <ClCompile Include="tinystr.cpp">
      <Filter>Source Files\System\xml</Filter>
    </ClCompile>
    <ClCompile Include="tinyxml.cpp">
      <Filter>Source Files\System\xml</Filter>
    </ClCompile>
    <ClCompile Include="tinyxmlerror.cpp">
      <Filter>Source Files\System\xml</Filter>
    </ClCompile>
    <ClCompile Include="tinyxmlparser.cpp">
      <Filter>Source Files\System\xml</Filter>
    </ClCompile>
    <ClCompile Include="Map.cpp">
      <Filter>Source Files\Game</Filter>
    </ClCompile>
    <ClCompile Include="ScreenFade.cpp">
      <Filter>Source Files\Game</Filter>
    </ClCompile>
    <ClCompile Include="VisualMessage.cpp">
      <Filter>Source Files\Game</Filter>
    </ClCompile>
    <ClCompile Include="World.cpp">
      <Filter>Source Files\Game</Filter>
    </ClCompile>
    <ClCompile Include="Fader.cpp">
      <Filter>Source Files\Game\Objects</Filter>
    </ClCompile>
    <ClCompile Include="GameObject.cpp">
      <Filter>Source Files\Game\Objects</Filter>
    </ClCompile>
    <ClCompile Include="Player.cpp">
      <Filter>Source Files\Game\Objects</Filter>
    </ClCompile>
    <ClCompile Include="SpawnPoint.cpp">
      <Filter>Source Files\Game\Objects</Filter>
    </ClCompile>
    <ClCompile Include="StarField.cpp">
      <Filter>Source Files\Game\Objects</Filter>
    </ClCompile>
    <ClCompile Include="Fonts.cpp">
      <Filter>Source Files\Display</Filter>
    </ClCompile>
    <ClCompile Include="TextLayer.cpp">
      <Filter>Source Files\Display</Filter>
    </ClCompile>
    <ClCompile Include="MusicProvider.cpp">
      <Filter>Source Files\Sound</Filter>
    </ClCompile>
    <ClCompile Include="BombLauncher.cpp">
      <Filter>Source Files\Game</Filter>
    </ClCompile>
    <ClCompile Include="FlashingBomb.cpp">
      <Filter>Source Files\Game\Objects</Filter>
    </ClCompile>
    <ClCompile Include="Title.cpp">
      <Filter>Source Files\Game\Objects</Filter>
    </ClCompile>
    <ClCompile Include="Launchable.cpp">
      <Filter>Source Files\Game\Objects</Filter>
    </ClCompile>
    <ClCompile Include="Laser.cpp">
      <Filter>Source Files\Game\Objects</Filter>
    </ClCompile>
    <ClCompile Include="BombLauncherCollection.cpp">
      <Filter>Source Files\Game</Filter>
    </ClCompile>
  </ItemGroup>
  <ItemGroup>
    <ClInclude Include="Keyboard.h">
      <Filter>Header Files\System</Filter>
    </ClInclude>
    <ClInclude Include="Log.h">
      <Filter>Header Files\System</Filter>
    </ClInclude>
    <ClInclude Include="QuickMax.h">
      <Filter>Header Files\System</Filter>
    </ClInclude>
    <ClInclude Include="resource.h">
      <Filter>Header Files\System</Filter>
    </ClInclude>
    <ClInclude Include="..\VersionInfo.h">
      <Filter>Header Files\System</Filter>
    </ClInclude>
    <ClInclude Include="tinystr.h">
      <Filter>Header Files\System\xml</Filter>
    </ClInclude>
    <ClInclude Include="tinyxml.h">
      <Filter>Header Files\System\xml</Filter>
    </ClInclude>
    <ClInclude Include="Fonts.h">
      <Filter>Header Files\Display</Filter>
    </ClInclude>
    <ClInclude Include="TextLayer.h">
      <Filter>Header Files\Display</Filter>
    </ClInclude>
    <ClInclude Include="Map.h">
      <Filter>Header Files\Game</Filter>
    </ClInclude>
    <ClInclude Include="ScreenFade.h">
      <Filter>Header Files\Game</Filter>
    </ClInclude>
    <ClInclude Include="VisualMessage.h">
      <Filter>Header Files\Game</Filter>
    </ClInclude>
    <ClInclude Include="World.h">
      <Filter>Header Files\Game</Filter>
    </ClInclude>
    <ClInclude Include="Fader.h">
      <Filter>Header Files\Game\Objects</Filter>
    </ClInclude>
    <ClInclude Include="GameObject.h">
      <Filter>Header Files\Game\Objects</Filter>
    </ClInclude>
    <ClInclude Include="Player.h">
      <Filter>Header Files\Game\Objects</Filter>
    </ClInclude>
    <ClInclude Include="SpawnPoint.h">
      <Filter>Header Files\Game\Objects</Filter>
    </ClInclude>
    <ClInclude Include="StarField.h">
      <Filter>Header Files\Game\Objects</Filter>
    </ClInclude>
    <ClInclude Include="MusicProvider.h">
      <Filter>Header Files\Sound</Filter>
    </ClInclude>
    <ClInclude Include="BombLauncher.h">
      <Filter>Header Files\Game</Filter>
    </ClInclude>
    <ClInclude Include="FlashingBomb.h">
      <Filter>Header Files\Game\Objects</Filter>
    </ClInclude>
    <ClInclude Include="Title.h">
      <Filter>Header Files\Game\Objects</Filter>
    </ClInclude>
    <ClInclude Include="Launchable.h">
      <Filter>Header Files\Game\Objects</Filter>
    </ClInclude>
    <ClInclude Include="Laser.h">
      <Filter>Header Files\Game\Objects</Filter>
    </ClInclude>
    <ClInclude Include="BombLauncherCollection.h">
      <Filter>Header Files\Game</Filter>
    </ClInclude>
  </ItemGroup>
  <ItemGroup>
    <ResourceCompile Include="SoTwentyOne.rc">
      <Filter>Resource Files</Filter>
    </ResourceCompile>
  </ItemGroup>
</Project>